
Microsoft Visual Studio Solution File, Format Version 12.00
# Visual Studio 15
VisualStudioVersion = 15.0.28010.2046
MinimumVisualStudioVersion = 10.0.40219.1
Project("{9A19103F-16F7-4668-BE54-9A1E7A4F7556}") = "ItsAllAboutTheGame", "ItsAllAboutTheGame\ItsAllAboutTheGame.csproj", "{F1826AFD-8C89-4F53-8A39-6E4D5A8DEAC5}"
EndProject
Project("{9A19103F-16F7-4668-BE54-9A1E7A4F7556}") = "ItsAllAboutTheGame.Data", "ItsAllAboutTheGame.Data\ItsAllAboutTheGame.Data.csproj", "{B0A90249-44EF-4644-90D8-364FE982B2C3}"
EndProject
Project("{9A19103F-16F7-4668-BE54-9A1E7A4F7556}") = "ItsAllAboutTheGame.Data.Models", "ItsAllAboutTheGame.Data.Models\ItsAllAboutTheGame.Data.Models.csproj", "{3A7D3795-E373-4500-82B7-EDAD5BA9800A}"
EndProject
Project("{9A19103F-16F7-4668-BE54-9A1E7A4F7556}") = "ItsAllAboutTheGame.Services.Data", "ItsAllAboutTheGame.Services.Data\ItsAllAboutTheGame.Services.Data.csproj", "{9C682CE1-ADC3-43B6-B22A-8C3651B444EB}"
EndProject
Project("{9A19103F-16F7-4668-BE54-9A1E7A4F7556}") = "ItsAllAboutTheGame.Services.External", "ItsAllAboutTheGame.Services.External\ItsAllAboutTheGame.Services.External.csproj", "{6494C68B-2F1D-47D0-89E9-81F84BD10B9C}"
EndProject
Project("{9A19103F-16F7-4668-BE54-9A1E7A4F7556}") = "ItsAllAboutTheGame.GlobalUtilities", "ItsAllAboutTheGame.GlobalUtilities\ItsAllAboutTheGame.GlobalUtilities.csproj", "{2665DCED-1B49-4823-A308-7F289170032F}"
EndProject
Project("{9A19103F-16F7-4668-BE54-9A1E7A4F7556}") = "ItsAllAboutTheGame.Services.Game", "ItsAllAboutTheGame.Services.Game\ItsAllAboutTheGame.Services.Game.csproj", "{4DD6600F-FEB2-4CB0-8EC7-A01B7FE61FA0}"
EndProject
Project("{FAE04EC0-301F-11D3-BF4B-00C04F79EFBC}") = "ItsAllAboutTheGame.UnitTests", "ItsAllAboutTheGame.UnitTests\ItsAllAboutTheGame.UnitTests.csproj", "{8AB3EB36-F746-4309-8F5C-228AE81C6747}"
EndProject
Global
	GlobalSection(SolutionConfigurationPlatforms) = preSolution
		Debug|Any CPU = Debug|Any CPU
		Release|Any CPU = Release|Any CPU
	EndGlobalSection
	GlobalSection(ProjectConfigurationPlatforms) = postSolution
		{F1826AFD-8C89-4F53-8A39-6E4D5A8DEAC5}.Debug|Any CPU.ActiveCfg = Debug|Any CPU
		{F1826AFD-8C89-4F53-8A39-6E4D5A8DEAC5}.Debug|Any CPU.Build.0 = Debug|Any CPU
		{F1826AFD-8C89-4F53-8A39-6E4D5A8DEAC5}.Release|Any CPU.ActiveCfg = Release|Any CPU
		{F1826AFD-8C89-4F53-8A39-6E4D5A8DEAC5}.Release|Any CPU.Build.0 = Release|Any CPU
		{B0A90249-44EF-4644-90D8-364FE982B2C3}.Debug|Any CPU.ActiveCfg = Debug|Any CPU
		{B0A90249-44EF-4644-90D8-364FE982B2C3}.Debug|Any CPU.Build.0 = Debug|Any CPU
		{B0A90249-44EF-4644-90D8-364FE982B2C3}.Release|Any CPU.ActiveCfg = Release|Any CPU
		{B0A90249-44EF-4644-90D8-364FE982B2C3}.Release|Any CPU.Build.0 = Release|Any CPU
		{3A7D3795-E373-4500-82B7-EDAD5BA9800A}.Debug|Any CPU.ActiveCfg = Debug|Any CPU
		{3A7D3795-E373-4500-82B7-EDAD5BA9800A}.Debug|Any CPU.Build.0 = Debug|Any CPU
		{3A7D3795-E373-4500-82B7-EDAD5BA9800A}.Release|Any CPU.ActiveCfg = Release|Any CPU
		{3A7D3795-E373-4500-82B7-EDAD5BA9800A}.Release|Any CPU.Build.0 = Release|Any CPU
		{9C682CE1-ADC3-43B6-B22A-8C3651B444EB}.Debug|Any CPU.ActiveCfg = Debug|Any CPU
		{9C682CE1-ADC3-43B6-B22A-8C3651B444EB}.Debug|Any CPU.Build.0 = Debug|Any CPU
		{9C682CE1-ADC3-43B6-B22A-8C3651B444EB}.Release|Any CPU.ActiveCfg = Release|Any CPU
		{9C682CE1-ADC3-43B6-B22A-8C3651B444EB}.Release|Any CPU.Build.0 = Release|Any CPU
		{6494C68B-2F1D-47D0-89E9-81F84BD10B9C}.Debug|Any CPU.ActiveCfg = Debug|Any CPU
		{6494C68B-2F1D-47D0-89E9-81F84BD10B9C}.Debug|Any CPU.Build.0 = Debug|Any CPU
		{6494C68B-2F1D-47D0-89E9-81F84BD10B9C}.Release|Any CPU.ActiveCfg = Release|Any CPU
		{6494C68B-2F1D-47D0-89E9-81F84BD10B9C}.Release|Any CPU.Build.0 = Release|Any CPU
		{2665DCED-1B49-4823-A308-7F289170032F}.Debug|Any CPU.ActiveCfg = Debug|Any CPU
		{2665DCED-1B49-4823-A308-7F289170032F}.Debug|Any CPU.Build.0 = Debug|Any CPU
		{2665DCED-1B49-4823-A308-7F289170032F}.Release|Any CPU.ActiveCfg = Release|Any CPU
		{2665DCED-1B49-4823-A308-7F289170032F}.Release|Any CPU.Build.0 = Release|Any CPU
		{4DD6600F-FEB2-4CB0-8EC7-A01B7FE61FA0}.Debug|Any CPU.ActiveCfg = Debug|Any CPU
		{4DD6600F-FEB2-4CB0-8EC7-A01B7FE61FA0}.Debug|Any CPU.Build.0 = Debug|Any CPU
		{4DD6600F-FEB2-4CB0-8EC7-A01B7FE61FA0}.Release|Any CPU.ActiveCfg = Release|Any CPU
		{4DD6600F-FEB2-4CB0-8EC7-A01B7FE61FA0}.Release|Any CPU.Build.0 = Release|Any CPU
		{8AB3EB36-F746-4309-8F5C-228AE81C6747}.Debug|Any CPU.ActiveCfg = Debug|Any CPU
		{8AB3EB36-F746-4309-8F5C-228AE81C6747}.Debug|Any CPU.Build.0 = Debug|Any CPU
		{8AB3EB36-F746-4309-8F5C-228AE81C6747}.Release|Any CPU.ActiveCfg = Release|Any CPU
		{8AB3EB36-F746-4309-8F5C-228AE81C6747}.Release|Any CPU.Build.0 = Release|Any CPU
	EndGlobalSection
	GlobalSection(SolutionProperties) = preSolution
		HideSolutionNode = FALSE
	EndGlobalSection
	GlobalSection(ExtensibilityGlobals) = postSolution
		SolutionGuid = {E724CA3D-5E70-4806-AD2D-6C7022679943}
	EndGlobalSection
EndGlobal
